
Microsoft Visual Studio Solution File, Format Version 12.00
# Visual Studio Version 16
VisualStudioVersion = 16.0.31424.327
MinimumVisualStudioVersion = 10.0.40219.1
Project("{FAE04EC0-301F-11D3-BF4B-00C04F79EFBC}") = "pokedex-form", "pokedex-form\pokedex-form.csproj", "{2F2887C2-6B38-48E2-AD0A-192DF4E0F4C6}"
EndProject
Global
	GlobalSection(SolutionConfigurationPlatforms) = preSolution
		Debug|Any CPU = Debug|Any CPU
		Release|Any CPU = Release|Any CPU
	EndGlobalSection
	GlobalSection(ProjectConfigurationPlatforms) = postSolution
		{2F2887C2-6B38-48E2-AD0A-192DF4E0F4C6}.Debug|Any CPU.ActiveCfg = Debug|Any CPU
		{2F2887C2-6B38-48E2-AD0A-192DF4E0F4C6}.Debug|Any CPU.Build.0 = Debug|Any CPU
		{2F2887C2-6B38-48E2-AD0A-192DF4E0F4C6}.Release|Any CPU.ActiveCfg = Release|Any CPU
		{2F2887C2-6B38-48E2-AD0A-192DF4E0F4C6}.Release|Any CPU.Build.0 = Release|Any CPU
	EndGlobalSection
	GlobalSection(SolutionProperties) = preSolution
		HideSolutionNode = FALSE
	EndGlobalSection
	GlobalSection(ExtensibilityGlobals) = postSolution
		SolutionGuid = {3B0D33A9-267C-4024-A943-E4C1663A011A}
	EndGlobalSection
EndGlobal
